
Microsoft Visual Studio Solution File, Format Version 12.00
# Visual Studio 15
VisualStudioVersion = 15.0.28010.2026
MinimumVisualStudioVersion = 10.0.40219.1
Project("{FAE04EC0-301F-11D3-BF4B-00C04F79EFBC}") = "M183", "M183\M183.csproj", "{956745B0-EFCE-4814-932D-621C1B47D3BC}"
EndProject
Global
	GlobalSection(SolutionConfigurationPlatforms) = preSolution
		Debug|Any CPU = Debug|Any CPU
		Release|Any CPU = Release|Any CPU
	EndGlobalSection
	GlobalSection(ProjectConfigurationPlatforms) = postSolution
		{956745B0-EFCE-4814-932D-621C1B47D3BC}.Debug|Any CPU.ActiveCfg = Debug|Any CPU
		{956745B0-EFCE-4814-932D-621C1B47D3BC}.Debug|Any CPU.Build.0 = Debug|Any CPU
		{956745B0-EFCE-4814-932D-621C1B47D3BC}.Release|Any CPU.ActiveCfg = Release|Any CPU
		{956745B0-EFCE-4814-932D-621C1B47D3BC}.Release|Any CPU.Build.0 = Release|Any CPU
	EndGlobalSection
	GlobalSection(SolutionProperties) = preSolution
		HideSolutionNode = FALSE
	EndGlobalSection
	GlobalSection(ExtensibilityGlobals) = postSolution
		SolutionGuid = {68CF2748-32B4-4AAE-9E21-A09DE56F2169}
	EndGlobalSection
EndGlobal
